
Microsoft Visual Studio Solution File, Format Version 12.00
# Visual Studio Version 16
VisualStudioVersion = 16.0.31515.178
MinimumVisualStudioVersion = 10.0.40219.1
Project("{9A19103F-16F7-4668-BE54-9A1E7A4F7556}") = "HelloWorld", "HelloWorld\HelloWorld.csproj", "{F60872F5-95A7-4845-A5A9-0FDFCD6C60D9}"
EndProject
Project("{9A19103F-16F7-4668-BE54-9A1E7A4F7556}") = "DataTypes", "DataTypes\DataTypes.csproj", "{392CBF17-4DCB-425E-85FD-CEB35D5648C2}"
EndProject
Project("{9A19103F-16F7-4668-BE54-9A1E7A4F7556}") = "DateTimePractice", "DateTimePractice\DateTimePractice.csproj", "{53E1BF47-1285-482A-BB68-9070D9EB9288}"
EndProject
Project("{9A19103F-16F7-4668-BE54-9A1E7A4F7556}") = "ArrayPractice", "ArrayPractice\ArrayPractice.csproj", "{C0BBB7DF-5FC7-44A6-B802-7BCEAB1D0D85}"
EndProject
Project("{9A19103F-16F7-4668-BE54-9A1E7A4F7556}") = "OperatorsPractice", "OperatorsPractice\OperatorsPractice.csproj", "{94BA5098-D13B-4C0F-BE0D-799179622074}"
EndProject
Project("{9A19103F-16F7-4668-BE54-9A1E7A4F7556}") = "LoopsPractice", "LoopsPractice\LoopsPractice.csproj", "{CB359F0A-FB41-4374-86F1-AB7980F49A3D}"
EndProject
Project("{9A19103F-16F7-4668-BE54-9A1E7A4F7556}") = "ClassPractice", "ClassPractice\ClassPractice.csproj", "{660217D0-06E2-46F2-8843-0588E9CB6C60}"
EndProject
Project("{9A19103F-16F7-4668-BE54-9A1E7A4F7556}") = "FibonacciSeries", "FibonacciSeries\FibonacciSeries.csproj", "{97E19011-9E65-4C1B-97AC-7170FC99A2E7}"
EndProject
Project("{9A19103F-16F7-4668-BE54-9A1E7A4F7556}") = "FactorialOfANumber", "FactorialOfANumber\FactorialOfANumber.csproj", "{E8CD412B-9A15-487D-8BB9-234B086E9F78}"
EndProject
Project("{9A19103F-16F7-4668-BE54-9A1E7A4F7556}") = "ClockAngle", "ClockAngle\ClockAngle.csproj", "{279D8268-C07B-4F0B-A27C-A88487241434}"
EndProject
Project("{9A19103F-16F7-4668-BE54-9A1E7A4F7556}") = "CF-231A", "CF-231A\CF-231A.csproj", "{41A2ECC4-679F-4A1D-9E4E-0D598C32D19A}"
EndProject
Project("{9A19103F-16F7-4668-BE54-9A1E7A4F7556}") = "CF-118A", "CF-118A\CF-118A.csproj", "{519E8049-B5E7-4A03-AAB1-07F9F7CEBDA8}"
EndProject
Project("{9A19103F-16F7-4668-BE54-9A1E7A4F7556}") = "CF-4A", "CF-4A\CF-4A.csproj", "{4C2D3530-F412-4590-8834-ACF3478636E7}"
EndProject
Project("{9A19103F-16F7-4668-BE54-9A1E7A4F7556}") = "CF-71A", "CF-71A\CF-71A.csproj", "{E7A72D5A-1BD7-47F6-BEA5-6CCC88A0384D}"
EndProject
Project("{9A19103F-16F7-4668-BE54-9A1E7A4F7556}") = "CF-281A", "CF-281A\CF-281A.csproj", "{57EB92BD-0455-41B3-87CD-8649ACBC9052}"
EndProject
Project("{9A19103F-16F7-4668-BE54-9A1E7A4F7556}") = "ClassPracticeTwo", "ClassPracticeTwo\ClassPracticeTwo.csproj", "{A4DD6BDE-C234-49BC-A89B-DD99475383F5}"
EndProject
Project("{9A19103F-16F7-4668-BE54-9A1E7A4F7556}") = "CommonCode", "CommonCode\CommonCode.csproj", "{242794E5-1FAD-4ECB-B681-375E3C69261B}"
EndProject
Project("{9A19103F-16F7-4668-BE54-9A1E7A4F7556}") = "CF-339A", "CF-339A\CF-339A.csproj", "{2990E7DA-57F8-4370-92D4-A633CA212AFF}"
EndProject
Project("{9A19103F-16F7-4668-BE54-9A1E7A4F7556}") = "CF-791A", "CF-791A\CF-791A.csproj", "{5C7F55D3-C07B-46FF-B621-C4470B4F5E72}"
EndProject
Project("{9A19103F-16F7-4668-BE54-9A1E7A4F7556}") = "CF-546A", "CF-546A\CF-546A.csproj", "{13156572-9C50-4B5A-BB72-CEFD5887D4BB}"
EndProject
Project("{9A19103F-16F7-4668-BE54-9A1E7A4F7556}") = "CF-236A", "CF-236A\CF-236A.csproj", "{E40E2C2E-FD24-4D81-8943-EEEA64A0F05E}"
EndProject
Project("{9A19103F-16F7-4668-BE54-9A1E7A4F7556}") = "CF-69A", "CF-69A\CF-69A.csproj", "{48CC0EF2-AD28-4D68-8C95-0D5C44B41E94}"
EndProject
Project("{9A19103F-16F7-4668-BE54-9A1E7A4F7556}") = "AbstractClass", "AbstractClass\AbstractClass.csproj", "{B3920AC6-AE4F-4C7D-8D78-E6F53325C4CE}"
EndProject
Project("{9A19103F-16F7-4668-BE54-9A1E7A4F7556}") = "CF-96A", "CF-96A\CF-96A.csproj", "{E2310622-05C5-4100-BB2D-9E6907A0234D}"
EndProject
Project("{9A19103F-16F7-4668-BE54-9A1E7A4F7556}") = "CF-266A", "CF-266A\CF-266A.csproj", "{0DF18B25-F3C7-4E70-8FBF-D4C085E73D63}"
EndProject
Project("{9A19103F-16F7-4668-BE54-9A1E7A4F7556}") = "Course", "Course\Course.csproj", "{770C0921-7340-4AA1-ACD8-4FAF08D01359}"
EndProject
Project("{9A19103F-16F7-4668-BE54-9A1E7A4F7556}") = "CF-617A", "CF-617A\CF-617A.csproj", "{BCA37632-CD1E-4406-8515-7B95CE341C26}"
EndProject
Project("{9A19103F-16F7-4668-BE54-9A1E7A4F7556}") = "CF-977A", "CF-977A\CF-977A.csproj", "{DF95BB45-51AD-44FC-9E00-7B77FB397FE0}"
EndProject
Project("{9A19103F-16F7-4668-BE54-9A1E7A4F7556}") = "CF - 58A", "CF - 58A\CF - 58A.csproj", "{AD642875-F808-4EA7-9C2B-8318C3BB8992}"
EndProject
Project("{9A19103F-16F7-4668-BE54-9A1E7A4F7556}") = "CF - 110A", "CF - 110A\CF - 110A.csproj", "{EC8D08B7-DD85-4AE0-A9DE-FB8BFFDD7FE8}"
EndProject
Project("{9A19103F-16F7-4668-BE54-9A1E7A4F7556}") = "Interfacing_in_CSharp", "Interfacing_in_CSharp\Interfacing_in_CSharp.csproj", "{EA8288F4-0CD4-4C04-9A70-02E949D4FAFC}"
EndProject
Project("{9A19103F-16F7-4668-BE54-9A1E7A4F7556}") = "Polymorphism", "Polymorphism\Polymorphism.csproj", "{38E0292D-F2DE-45D5-B419-173EA1FE7C0C}"
EndProject
Project("{9A19103F-16F7-4668-BE54-9A1E7A4F7556}") = "CF - 41A", "CF - 41A\CF - 41A.csproj", "{57351409-1F9E-4245-BC97-047400C06A09}"
EndProject
Project("{9A19103F-16F7-4668-BE54-9A1E7A4F7556}") = "CF - 734A", "CF - 734A\CF - 734A.csproj", "{FAC34C0B-266D-4D5D-9F16-A31F853651ED}"
EndProject
Project("{9A19103F-16F7-4668-BE54-9A1E7A4F7556}") = "CF - 1A", "CF - 1A\CF - 1A.csproj", "{7DFBE2B8-56C4-4B17-A18A-8F33A52F690D}"
EndProject
Project("{9A19103F-16F7-4668-BE54-9A1E7A4F7556}") = "CF - 158A", "CF - 158A\CF - 158A.csproj", "{C2B2BFD8-5D64-405A-B491-43A19030EDF3}"
EndProject
Project("{9A19103F-16F7-4668-BE54-9A1E7A4F7556}") = "CF - 282A", "CF - 282A\CF - 282A.csproj", "{5A21BA2C-7463-45BD-A374-D329210264EB}"
EndProject
Project("{9A19103F-16F7-4668-BE54-9A1E7A4F7556}") = "PartialClass_in_CSharp", "PartialClass_in_CSharp\PartialClass_in_CSharp.csproj", "{187C7FBC-42B0-42D9-A12A-C6C52B6DC168}"
EndProject
Project("{9A19103F-16F7-4668-BE54-9A1E7A4F7556}") = "Structure_in_CSharp", "Structure_in_CSharp\Structure_in_CSharp.csproj", "{60D963D2-152E-4631-905F-748E3AE36C37}"
EndProject
Project("{9A19103F-16F7-4668-BE54-9A1E7A4F7556}") = "Enum_in_CSharp", "Enum_in_CSharp\Enum_in_CSharp.csproj", "{C3E795CB-CAC4-4516-9D06-0D2EA22537A3}"
EndProject
Project("{9A19103F-16F7-4668-BE54-9A1E7A4F7556}") = "DateTime_in_CSharp", "DateTime_in_CSharp\DateTime_in_CSharp.csproj", "{80863AA4-9375-437F-8C01-3554A62BC38C}"
EndProject
Project("{9A19103F-16F7-4668-BE54-9A1E7A4F7556}") = "StringBuilder_in_CSharp", "StringBuilder_in_CSharp\StringBuilder_in_CSharp.csproj", "{911AFE39-988B-4917-AC65-78ECB70ADA15}"
EndProject
Project("{9A19103F-16F7-4668-BE54-9A1E7A4F7556}") = "CF - 677A", "CF - 677A\CF - 677A.csproj", "{F7DD4BAF-8F9D-4FA8-8555-1C1C0BF8FE00}"
EndProject
Project("{9A19103F-16F7-4668-BE54-9A1E7A4F7556}") = "CF - 467A", "CF - 467A\CF - 467A.csproj", "{9108ABC0-7021-4658-A895-C62C42F182A5}"
EndProject
Project("{9A19103F-16F7-4668-BE54-9A1E7A4F7556}") = "CF - 133A", "CF - 133A\CF - 133A.csproj", "{212CA015-06E9-4805-9EE0-718D58D0B149}"
EndProject
Project("{9A19103F-16F7-4668-BE54-9A1E7A4F7556}") = "Parameter_modifiers_in_CSharp", "Parameter_modifiers_in_CSharp\Parameter_modifiers_in_CSharp.csproj", "{98578C42-50A3-4104-9B61-84CB8B15D3D9}"
EndProject
Project("{9A19103F-16F7-4668-BE54-9A1E7A4F7556}") = "Tuples_in_CSharp", "Tuples_in_CSharp\Tuples_in_CSharp.csproj", "{E1484CED-425E-4D29-8D95-7F0A444FCAC4}"
EndProject
Project("{9A19103F-16F7-4668-BE54-9A1E7A4F7556}") = "NullableAndAnnonymousDataTypes", "NullableAndAnnonymousDataTypes\NullableAndAnnonymousDataTypes.csproj", "{8222D12C-670F-46E9-BE5B-85CA1111C6B6}"
EndProject
Project("{9A19103F-16F7-4668-BE54-9A1E7A4F7556}") = "Inheritance_In_Csharp", "Inheritance_In_Csharp\Inheritance_In_Csharp.csproj", "{15C66513-0CEE-45CA-9B7B-4B5A109558FB}"
EndProject
Project("{9A19103F-16F7-4668-BE54-9A1E7A4F7556}") = "Non-Generic_Collections_in_CSharp", "Non-Generic_Collections_in_CSharp\Non-Generic_Collections_in_CSharp.csproj", "{72EA830C-3E7D-4B29-9EC0-97F39501B755}"
EndProject
Project("{9A19103F-16F7-4668-BE54-9A1E7A4F7556}") = "Generic_Collections_in_CSharp", "Generic_Collections_in_CSharp\Generic_Collections_in_CSharp.csproj", "{32610F41-1CDC-46F5-9D2E-213B1DEDF848}"
EndProject
Project("{9A19103F-16F7-4668-BE54-9A1E7A4F7556}") = "SOLID_Principles_in_CSharp", "SOLID_Principles_in_CSharp\SOLID_Principles_in_CSharp.csproj", "{338C0C62-0659-48FF-AFCF-A37453D16F00}"
EndProject
Project("{9A19103F-16F7-4668-BE54-9A1E7A4F7556}") = "CF-344A", "CF-344A\CF-344A.csproj", "{6B2AAB23-D711-47BE-BDF7-D915517EFAA8}"
EndProject
Project("{9A19103F-16F7-4668-BE54-9A1E7A4F7556}") = "CF-1030A", "CF-1030A\CF-1030A.csproj", "{DC78C189-0D2E-4E34-9848-A827E86F1E4F}"
EndProject
Project("{9A19103F-16F7-4668-BE54-9A1E7A4F7556}") = "Built_in_interfaces_in _CSharp", "Built_in_interfaces_in _CSharp\Built_in_interfaces_in _CSharp.csproj", "{18BD87EB-D9F7-43D5-9B75-0A191E7EFF6A}"
EndProject
Project("{9A19103F-16F7-4668-BE54-9A1E7A4F7556}") = "AdoNet_in_CSharp", "AdoNet_in_CSharp\AdoNet_in_CSharp.csproj", "{975F55DA-502A-4A5F-96D1-EBC88FD77509}"
EndProject
Project("{9A19103F-16F7-4668-BE54-9A1E7A4F7556}") = "FilesOperation_18", "FilesOperation_18\FilesOperation_18.csproj", "{34EF76F4-75FE-4E1D-BFD8-0E144CB00A12}"
EndProject
Project("{9A19103F-16F7-4668-BE54-9A1E7A4F7556}") = "DelegatesInCSharp_18", "DelegatesInCSharp_18\DelegatesInCSharp_18.csproj", "{92BDAD94-A610-4AA1-A238-07AC82016087}"
EndProject
Project("{9A19103F-16F7-4668-BE54-9A1E7A4F7556}") = "EventsInCSharp", "EventsInCSharp\EventsInCSharp.csproj", "{309AF5D7-1698-4822-A731-8AF86DEF2EC6}"
EndProject
Project("{9A19103F-16F7-4668-BE54-9A1E7A4F7556}") = "Test", "Test\Test.csproj", "{D8C25682-3355-4DBD-8621-B9C985EDB7A9}"
EndProject
Project("{9A19103F-16F7-4668-BE54-9A1E7A4F7556}") = "Linq_In_CSharp", "Linq_In_CSharp\Linq_In_CSharp.csproj", "{93B2EEAD-3573-4D4E-AAED-83063E31101B}"
EndProject
Project("{9A19103F-16F7-4668-BE54-9A1E7A4F7556}") = "ExpressionInCSharp", "ExpressionInCSharp\ExpressionInCSharp.csproj", "{DDF1E0C9-E7B0-4B7D-B87D-AB691501BCD2}"
EndProject
Project("{9A19103F-16F7-4668-BE54-9A1E7A4F7556}") = "ExtensionMethod", "ExtensionMethod\ExtensionMethod.csproj", "{990295A2-9109-4CA7-971B-8A5229624166}"
EndProject
Project("{9A19103F-16F7-4668-BE54-9A1E7A4F7556}") = "Reflactions_in_csharp", "Reflactions_in_csharp\Reflactions_in_csharp.csproj", "{BEF46777-D6F6-4A26-BDE6-AE3662806BCC}"
EndProject
Project("{FAE04EC0-301F-11D3-BF4B-00C04F79EFBC}") = "Record_DataType", "Record_DataType\Record_DataType.csproj", "{97290C12-442A-47B6-B067-9CDF91D4A677}"
EndProject
Global
	GlobalSection(SolutionConfigurationPlatforms) = preSolution
		Debug|Any CPU = Debug|Any CPU
		Release|Any CPU = Release|Any CPU
	EndGlobalSection
	GlobalSection(ProjectConfigurationPlatforms) = postSolution
		{F60872F5-95A7-4845-A5A9-0FDFCD6C60D9}.Debug|Any CPU.ActiveCfg = Debug|Any CPU
		{F60872F5-95A7-4845-A5A9-0FDFCD6C60D9}.Debug|Any CPU.Build.0 = Debug|Any CPU
		{F60872F5-95A7-4845-A5A9-0FDFCD6C60D9}.Release|Any CPU.ActiveCfg = Release|Any CPU
		{F60872F5-95A7-4845-A5A9-0FDFCD6C60D9}.Release|Any CPU.Build.0 = Release|Any CPU
		{392CBF17-4DCB-425E-85FD-CEB35D5648C2}.Debug|Any CPU.ActiveCfg = Debug|Any CPU
		{392CBF17-4DCB-425E-85FD-CEB35D5648C2}.Debug|Any CPU.Build.0 = Debug|Any CPU
		{392CBF17-4DCB-425E-85FD-CEB35D5648C2}.Release|Any CPU.ActiveCfg = Release|Any CPU
		{392CBF17-4DCB-425E-85FD-CEB35D5648C2}.Release|Any CPU.Build.0 = Release|Any CPU
		{53E1BF47-1285-482A-BB68-9070D9EB9288}.Debug|Any CPU.ActiveCfg = Debug|Any CPU
		{53E1BF47-1285-482A-BB68-9070D9EB9288}.Debug|Any CPU.Build.0 = Debug|Any CPU
		{53E1BF47-1285-482A-BB68-9070D9EB9288}.Release|Any CPU.ActiveCfg = Release|Any CPU
		{53E1BF47-1285-482A-BB68-9070D9EB9288}.Release|Any CPU.Build.0 = Release|Any CPU
		{C0BBB7DF-5FC7-44A6-B802-7BCEAB1D0D85}.Debug|Any CPU.ActiveCfg = Debug|Any CPU
		{C0BBB7DF-5FC7-44A6-B802-7BCEAB1D0D85}.Debug|Any CPU.Build.0 = Debug|Any CPU
		{C0BBB7DF-5FC7-44A6-B802-7BCEAB1D0D85}.Release|Any CPU.ActiveCfg = Release|Any CPU
		{C0BBB7DF-5FC7-44A6-B802-7BCEAB1D0D85}.Release|Any CPU.Build.0 = Release|Any CPU
		{94BA5098-D13B-4C0F-BE0D-799179622074}.Debug|Any CPU.ActiveCfg = Debug|Any CPU
		{94BA5098-D13B-4C0F-BE0D-799179622074}.Debug|Any CPU.Build.0 = Debug|Any CPU
		{94BA5098-D13B-4C0F-BE0D-799179622074}.Release|Any CPU.ActiveCfg = Release|Any CPU
		{94BA5098-D13B-4C0F-BE0D-799179622074}.Release|Any CPU.Build.0 = Release|Any CPU
		{CB359F0A-FB41-4374-86F1-AB7980F49A3D}.Debug|Any CPU.ActiveCfg = Debug|Any CPU
		{CB359F0A-FB41-4374-86F1-AB7980F49A3D}.Debug|Any CPU.Build.0 = Debug|Any CPU
		{CB359F0A-FB41-4374-86F1-AB7980F49A3D}.Release|Any CPU.ActiveCfg = Release|Any CPU
		{CB359F0A-FB41-4374-86F1-AB7980F49A3D}.Release|Any CPU.Build.0 = Release|Any CPU
		{660217D0-06E2-46F2-8843-0588E9CB6C60}.Debug|Any CPU.ActiveCfg = Debug|Any CPU
		{660217D0-06E2-46F2-8843-0588E9CB6C60}.Debug|Any CPU.Build.0 = Debug|Any CPU
		{660217D0-06E2-46F2-8843-0588E9CB6C60}.Release|Any CPU.ActiveCfg = Release|Any CPU
		{660217D0-06E2-46F2-8843-0588E9CB6C60}.Release|Any CPU.Build.0 = Release|Any CPU
		{97E19011-9E65-4C1B-97AC-7170FC99A2E7}.Debug|Any CPU.ActiveCfg = Debug|Any CPU
		{97E19011-9E65-4C1B-97AC-7170FC99A2E7}.Debug|Any CPU.Build.0 = Debug|Any CPU
		{97E19011-9E65-4C1B-97AC-7170FC99A2E7}.Release|Any CPU.ActiveCfg = Release|Any CPU
		{97E19011-9E65-4C1B-97AC-7170FC99A2E7}.Release|Any CPU.Build.0 = Release|Any CPU
		{E8CD412B-9A15-487D-8BB9-234B086E9F78}.Debug|Any CPU.ActiveCfg = Debug|Any CPU
		{E8CD412B-9A15-487D-8BB9-234B086E9F78}.Debug|Any CPU.Build.0 = Debug|Any CPU
		{E8CD412B-9A15-487D-8BB9-234B086E9F78}.Release|Any CPU.ActiveCfg = Release|Any CPU
		{E8CD412B-9A15-487D-8BB9-234B086E9F78}.Release|Any CPU.Build.0 = Release|Any CPU
		{279D8268-C07B-4F0B-A27C-A88487241434}.Debug|Any CPU.ActiveCfg = Debug|Any CPU
		{279D8268-C07B-4F0B-A27C-A88487241434}.Debug|Any CPU.Build.0 = Debug|Any CPU
		{279D8268-C07B-4F0B-A27C-A88487241434}.Release|Any CPU.ActiveCfg = Release|Any CPU
		{279D8268-C07B-4F0B-A27C-A88487241434}.Release|Any CPU.Build.0 = Release|Any CPU
		{41A2ECC4-679F-4A1D-9E4E-0D598C32D19A}.Debug|Any CPU.ActiveCfg = Debug|Any CPU
		{41A2ECC4-679F-4A1D-9E4E-0D598C32D19A}.Debug|Any CPU.Build.0 = Debug|Any CPU
		{41A2ECC4-679F-4A1D-9E4E-0D598C32D19A}.Release|Any CPU.ActiveCfg = Release|Any CPU
		{41A2ECC4-679F-4A1D-9E4E-0D598C32D19A}.Release|Any CPU.Build.0 = Release|Any CPU
		{519E8049-B5E7-4A03-AAB1-07F9F7CEBDA8}.Debug|Any CPU.ActiveCfg = Debug|Any CPU
		{519E8049-B5E7-4A03-AAB1-07F9F7CEBDA8}.Debug|Any CPU.Build.0 = Debug|Any CPU
		{519E8049-B5E7-4A03-AAB1-07F9F7CEBDA8}.Release|Any CPU.ActiveCfg = Release|Any CPU
		{519E8049-B5E7-4A03-AAB1-07F9F7CEBDA8}.Release|Any CPU.Build.0 = Release|Any CPU
		{4C2D3530-F412-4590-8834-ACF3478636E7}.Debug|Any CPU.ActiveCfg = Debug|Any CPU
		{4C2D3530-F412-4590-8834-ACF3478636E7}.Debug|Any CPU.Build.0 = Debug|Any CPU
		{4C2D3530-F412-4590-8834-ACF3478636E7}.Release|Any CPU.ActiveCfg = Release|Any CPU
		{4C2D3530-F412-4590-8834-ACF3478636E7}.Release|Any CPU.Build.0 = Release|Any CPU
		{E7A72D5A-1BD7-47F6-BEA5-6CCC88A0384D}.Debug|Any CPU.ActiveCfg = Debug|Any CPU
		{E7A72D5A-1BD7-47F6-BEA5-6CCC88A0384D}.Debug|Any CPU.Build.0 = Debug|Any CPU
		{E7A72D5A-1BD7-47F6-BEA5-6CCC88A0384D}.Release|Any CPU.ActiveCfg = Release|Any CPU
		{E7A72D5A-1BD7-47F6-BEA5-6CCC88A0384D}.Release|Any CPU.Build.0 = Release|Any CPU
		{57EB92BD-0455-41B3-87CD-8649ACBC9052}.Debug|Any CPU.ActiveCfg = Debug|Any CPU
		{57EB92BD-0455-41B3-87CD-8649ACBC9052}.Debug|Any CPU.Build.0 = Debug|Any CPU
		{57EB92BD-0455-41B3-87CD-8649ACBC9052}.Release|Any CPU.ActiveCfg = Release|Any CPU
		{57EB92BD-0455-41B3-87CD-8649ACBC9052}.Release|Any CPU.Build.0 = Release|Any CPU
		{A4DD6BDE-C234-49BC-A89B-DD99475383F5}.Debug|Any CPU.ActiveCfg = Debug|Any CPU
		{A4DD6BDE-C234-49BC-A89B-DD99475383F5}.Debug|Any CPU.Build.0 = Debug|Any CPU
		{A4DD6BDE-C234-49BC-A89B-DD99475383F5}.Release|Any CPU.ActiveCfg = Release|Any CPU
		{A4DD6BDE-C234-49BC-A89B-DD99475383F5}.Release|Any CPU.Build.0 = Release|Any CPU
		{242794E5-1FAD-4ECB-B681-375E3C69261B}.Debug|Any CPU.ActiveCfg = Debug|Any CPU
		{242794E5-1FAD-4ECB-B681-375E3C69261B}.Debug|Any CPU.Build.0 = Debug|Any CPU
		{242794E5-1FAD-4ECB-B681-375E3C69261B}.Release|Any CPU.ActiveCfg = Release|Any CPU
		{242794E5-1FAD-4ECB-B681-375E3C69261B}.Release|Any CPU.Build.0 = Release|Any CPU
		{2990E7DA-57F8-4370-92D4-A633CA212AFF}.Debug|Any CPU.ActiveCfg = Debug|Any CPU
		{2990E7DA-57F8-4370-92D4-A633CA212AFF}.Debug|Any CPU.Build.0 = Debug|Any CPU
		{2990E7DA-57F8-4370-92D4-A633CA212AFF}.Release|Any CPU.ActiveCfg = Release|Any CPU
		{2990E7DA-57F8-4370-92D4-A633CA212AFF}.Release|Any CPU.Build.0 = Release|Any CPU
		{5C7F55D3-C07B-46FF-B621-C4470B4F5E72}.Debug|Any CPU.ActiveCfg = Debug|Any CPU
		{5C7F55D3-C07B-46FF-B621-C4470B4F5E72}.Debug|Any CPU.Build.0 = Debug|Any CPU
		{5C7F55D3-C07B-46FF-B621-C4470B4F5E72}.Release|Any CPU.ActiveCfg = Release|Any CPU
		{5C7F55D3-C07B-46FF-B621-C4470B4F5E72}.Release|Any CPU.Build.0 = Release|Any CPU
		{13156572-9C50-4B5A-BB72-CEFD5887D4BB}.Debug|Any CPU.ActiveCfg = Debug|Any CPU
		{13156572-9C50-4B5A-BB72-CEFD5887D4BB}.Debug|Any CPU.Build.0 = Debug|Any CPU
		{13156572-9C50-4B5A-BB72-CEFD5887D4BB}.Release|Any CPU.ActiveCfg = Release|Any CPU
		{13156572-9C50-4B5A-BB72-CEFD5887D4BB}.Release|Any CPU.Build.0 = Release|Any CPU
		{E40E2C2E-FD24-4D81-8943-EEEA64A0F05E}.Debug|Any CPU.ActiveCfg = Debug|Any CPU
		{E40E2C2E-FD24-4D81-8943-EEEA64A0F05E}.Debug|Any CPU.Build.0 = Debug|Any CPU
		{E40E2C2E-FD24-4D81-8943-EEEA64A0F05E}.Release|Any CPU.ActiveCfg = Release|Any CPU
		{E40E2C2E-FD24-4D81-8943-EEEA64A0F05E}.Release|Any CPU.Build.0 = Release|Any CPU
		{48CC0EF2-AD28-4D68-8C95-0D5C44B41E94}.Debug|Any CPU.ActiveCfg = Debug|Any CPU
		{48CC0EF2-AD28-4D68-8C95-0D5C44B41E94}.Debug|Any CPU.Build.0 = Debug|Any CPU
		{48CC0EF2-AD28-4D68-8C95-0D5C44B41E94}.Release|Any CPU.ActiveCfg = Release|Any CPU
		{48CC0EF2-AD28-4D68-8C95-0D5C44B41E94}.Release|Any CPU.Build.0 = Release|Any CPU
		{B3920AC6-AE4F-4C7D-8D78-E6F53325C4CE}.Debug|Any CPU.ActiveCfg = Debug|Any CPU
		{B3920AC6-AE4F-4C7D-8D78-E6F53325C4CE}.Debug|Any CPU.Build.0 = Debug|Any CPU
		{B3920AC6-AE4F-4C7D-8D78-E6F53325C4CE}.Release|Any CPU.ActiveCfg = Release|Any CPU
		{B3920AC6-AE4F-4C7D-8D78-E6F53325C4CE}.Release|Any CPU.Build.0 = Release|Any CPU
		{E2310622-05C5-4100-BB2D-9E6907A0234D}.Debug|Any CPU.ActiveCfg = Debug|Any CPU
		{E2310622-05C5-4100-BB2D-9E6907A0234D}.Debug|Any CPU.Build.0 = Debug|Any CPU
		{E2310622-05C5-4100-BB2D-9E6907A0234D}.Release|Any CPU.ActiveCfg = Release|Any CPU
		{E2310622-05C5-4100-BB2D-9E6907A0234D}.Release|Any CPU.Build.0 = Release|Any CPU
		{0DF18B25-F3C7-4E70-8FBF-D4C085E73D63}.Debug|Any CPU.ActiveCfg = Debug|Any CPU
		{0DF18B25-F3C7-4E70-8FBF-D4C085E73D63}.Debug|Any CPU.Build.0 = Debug|Any CPU
		{0DF18B25-F3C7-4E70-8FBF-D4C085E73D63}.Release|Any CPU.ActiveCfg = Release|Any CPU
		{0DF18B25-F3C7-4E70-8FBF-D4C085E73D63}.Release|Any CPU.Build.0 = Release|Any CPU
		{770C0921-7340-4AA1-ACD8-4FAF08D01359}.Debug|Any CPU.ActiveCfg = Debug|Any CPU
		{770C0921-7340-4AA1-ACD8-4FAF08D01359}.Debug|Any CPU.Build.0 = Debug|Any CPU
		{770C0921-7340-4AA1-ACD8-4FAF08D01359}.Release|Any CPU.ActiveCfg = Release|Any CPU
		{770C0921-7340-4AA1-ACD8-4FAF08D01359}.Release|Any CPU.Build.0 = Release|Any CPU
		{BCA37632-CD1E-4406-8515-7B95CE341C26}.Debug|Any CPU.ActiveCfg = Debug|Any CPU
		{BCA37632-CD1E-4406-8515-7B95CE341C26}.Debug|Any CPU.Build.0 = Debug|Any CPU
		{BCA37632-CD1E-4406-8515-7B95CE341C26}.Release|Any CPU.ActiveCfg = Release|Any CPU
		{BCA37632-CD1E-4406-8515-7B95CE341C26}.Release|Any CPU.Build.0 = Release|Any CPU
		{DF95BB45-51AD-44FC-9E00-7B77FB397FE0}.Debug|Any CPU.ActiveCfg = Debug|Any CPU
		{DF95BB45-51AD-44FC-9E00-7B77FB397FE0}.Debug|Any CPU.Build.0 = Debug|Any CPU
		{DF95BB45-51AD-44FC-9E00-7B77FB397FE0}.Release|Any CPU.ActiveCfg = Release|Any CPU
		{DF95BB45-51AD-44FC-9E00-7B77FB397FE0}.Release|Any CPU.Build.0 = Release|Any CPU
		{AD642875-F808-4EA7-9C2B-8318C3BB8992}.Debug|Any CPU.ActiveCfg = Debug|Any CPU
		{AD642875-F808-4EA7-9C2B-8318C3BB8992}.Debug|Any CPU.Build.0 = Debug|Any CPU
		{AD642875-F808-4EA7-9C2B-8318C3BB8992}.Release|Any CPU.ActiveCfg = Release|Any CPU
		{AD642875-F808-4EA7-9C2B-8318C3BB8992}.Release|Any CPU.Build.0 = Release|Any CPU
		{EC8D08B7-DD85-4AE0-A9DE-FB8BFFDD7FE8}.Debug|Any CPU.ActiveCfg = Debug|Any CPU
		{EC8D08B7-DD85-4AE0-A9DE-FB8BFFDD7FE8}.Debug|Any CPU.Build.0 = Debug|Any CPU
		{EC8D08B7-DD85-4AE0-A9DE-FB8BFFDD7FE8}.Release|Any CPU.ActiveCfg = Release|Any CPU
		{EC8D08B7-DD85-4AE0-A9DE-FB8BFFDD7FE8}.Release|Any CPU.Build.0 = Release|Any CPU
		{EA8288F4-0CD4-4C04-9A70-02E949D4FAFC}.Debug|Any CPU.ActiveCfg = Debug|Any CPU
		{EA8288F4-0CD4-4C04-9A70-02E949D4FAFC}.Debug|Any CPU.Build.0 = Debug|Any CPU
		{EA8288F4-0CD4-4C04-9A70-02E949D4FAFC}.Release|Any CPU.ActiveCfg = Release|Any CPU
		{EA8288F4-0CD4-4C04-9A70-02E949D4FAFC}.Release|Any CPU.Build.0 = Release|Any CPU
		{38E0292D-F2DE-45D5-B419-173EA1FE7C0C}.Debug|Any CPU.ActiveCfg = Debug|Any CPU
		{38E0292D-F2DE-45D5-B419-173EA1FE7C0C}.Debug|Any CPU.Build.0 = Debug|Any CPU
		{38E0292D-F2DE-45D5-B419-173EA1FE7C0C}.Release|Any CPU.ActiveCfg = Release|Any CPU
		{38E0292D-F2DE-45D5-B419-173EA1FE7C0C}.Release|Any CPU.Build.0 = Release|Any CPU
		{57351409-1F9E-4245-BC97-047400C06A09}.Debug|Any CPU.ActiveCfg = Debug|Any CPU
		{57351409-1F9E-4245-BC97-047400C06A09}.Debug|Any CPU.Build.0 = Debug|Any CPU
		{57351409-1F9E-4245-BC97-047400C06A09}.Release|Any CPU.ActiveCfg = Release|Any CPU
		{57351409-1F9E-4245-BC97-047400C06A09}.Release|Any CPU.Build.0 = Release|Any CPU
		{FAC34C0B-266D-4D5D-9F16-A31F853651ED}.Debug|Any CPU.ActiveCfg = Debug|Any CPU
		{FAC34C0B-266D-4D5D-9F16-A31F853651ED}.Debug|Any CPU.Build.0 = Debug|Any CPU
		{FAC34C0B-266D-4D5D-9F16-A31F853651ED}.Release|Any CPU.ActiveCfg = Release|Any CPU
		{FAC34C0B-266D-4D5D-9F16-A31F853651ED}.Release|Any CPU.Build.0 = Release|Any CPU
		{7DFBE2B8-56C4-4B17-A18A-8F33A52F690D}.Debug|Any CPU.ActiveCfg = Debug|Any CPU
		{7DFBE2B8-56C4-4B17-A18A-8F33A52F690D}.Debug|Any CPU.Build.0 = Debug|Any CPU
		{7DFBE2B8-56C4-4B17-A18A-8F33A52F690D}.Release|Any CPU.ActiveCfg = Release|Any CPU
		{7DFBE2B8-56C4-4B17-A18A-8F33A52F690D}.Release|Any CPU.Build.0 = Release|Any CPU
		{C2B2BFD8-5D64-405A-B491-43A19030EDF3}.Debug|Any CPU.ActiveCfg = Debug|Any CPU
		{C2B2BFD8-5D64-405A-B491-43A19030EDF3}.Debug|Any CPU.Build.0 = Debug|Any CPU
		{C2B2BFD8-5D64-405A-B491-43A19030EDF3}.Release|Any CPU.ActiveCfg = Release|Any CPU
		{C2B2BFD8-5D64-405A-B491-43A19030EDF3}.Release|Any CPU.Build.0 = Release|Any CPU
		{5A21BA2C-7463-45BD-A374-D329210264EB}.Debug|Any CPU.ActiveCfg = Debug|Any CPU
		{5A21BA2C-7463-45BD-A374-D329210264EB}.Debug|Any CPU.Build.0 = Debug|Any CPU
		{5A21BA2C-7463-45BD-A374-D329210264EB}.Release|Any CPU.ActiveCfg = Release|Any CPU
		{5A21BA2C-7463-45BD-A374-D329210264EB}.Release|Any CPU.Build.0 = Release|Any CPU
		{187C7FBC-42B0-42D9-A12A-C6C52B6DC168}.Debug|Any CPU.ActiveCfg = Debug|Any CPU
		{187C7FBC-42B0-42D9-A12A-C6C52B6DC168}.Debug|Any CPU.Build.0 = Debug|Any CPU
		{187C7FBC-42B0-42D9-A12A-C6C52B6DC168}.Release|Any CPU.ActiveCfg = Release|Any CPU
		{187C7FBC-42B0-42D9-A12A-C6C52B6DC168}.Release|Any CPU.Build.0 = Release|Any CPU
		{60D963D2-152E-4631-905F-748E3AE36C37}.Debug|Any CPU.ActiveCfg = Debug|Any CPU
		{60D963D2-152E-4631-905F-748E3AE36C37}.Debug|Any CPU.Build.0 = Debug|Any CPU
		{60D963D2-152E-4631-905F-748E3AE36C37}.Release|Any CPU.ActiveCfg = Release|Any CPU
		{60D963D2-152E-4631-905F-748E3AE36C37}.Release|Any CPU.Build.0 = Release|Any CPU
		{C3E795CB-CAC4-4516-9D06-0D2EA22537A3}.Debug|Any CPU.ActiveCfg = Debug|Any CPU
		{C3E795CB-CAC4-4516-9D06-0D2EA22537A3}.Debug|Any CPU.Build.0 = Debug|Any CPU
		{C3E795CB-CAC4-4516-9D06-0D2EA22537A3}.Release|Any CPU.ActiveCfg = Release|Any CPU
		{C3E795CB-CAC4-4516-9D06-0D2EA22537A3}.Release|Any CPU.Build.0 = Release|Any CPU
		{80863AA4-9375-437F-8C01-3554A62BC38C}.Debug|Any CPU.ActiveCfg = Debug|Any CPU
		{80863AA4-9375-437F-8C01-3554A62BC38C}.Debug|Any CPU.Build.0 = Debug|Any CPU
		{80863AA4-9375-437F-8C01-3554A62BC38C}.Release|Any CPU.ActiveCfg = Release|Any CPU
		{80863AA4-9375-437F-8C01-3554A62BC38C}.Release|Any CPU.Build.0 = Release|Any CPU
		{911AFE39-988B-4917-AC65-78ECB70ADA15}.Debug|Any CPU.ActiveCfg = Debug|Any CPU
		{911AFE39-988B-4917-AC65-78ECB70ADA15}.Debug|Any CPU.Build.0 = Debug|Any CPU
		{911AFE39-988B-4917-AC65-78ECB70ADA15}.Release|Any CPU.ActiveCfg = Release|Any CPU
		{911AFE39-988B-4917-AC65-78ECB70ADA15}.Release|Any CPU.Build.0 = Release|Any CPU
		{F7DD4BAF-8F9D-4FA8-8555-1C1C0BF8FE00}.Debug|Any CPU.ActiveCfg = Debug|Any CPU
		{F7DD4BAF-8F9D-4FA8-8555-1C1C0BF8FE00}.Debug|Any CPU.Build.0 = Debug|Any CPU
		{F7DD4BAF-8F9D-4FA8-8555-1C1C0BF8FE00}.Release|Any CPU.ActiveCfg = Release|Any CPU
		{F7DD4BAF-8F9D-4FA8-8555-1C1C0BF8FE00}.Release|Any CPU.Build.0 = Release|Any CPU
		{9108ABC0-7021-4658-A895-C62C42F182A5}.Debug|Any CPU.ActiveCfg = Debug|Any CPU
		{9108ABC0-7021-4658-A895-C62C42F182A5}.Debug|Any CPU.Build.0 = Debug|Any CPU
		{9108ABC0-7021-4658-A895-C62C42F182A5}.Release|Any CPU.ActiveCfg = Release|Any CPU
		{9108ABC0-7021-4658-A895-C62C42F182A5}.Release|Any CPU.Build.0 = Release|Any CPU
		{212CA015-06E9-4805-9EE0-718D58D0B149}.Debug|Any CPU.ActiveCfg = Debug|Any CPU
		{212CA015-06E9-4805-9EE0-718D58D0B149}.Debug|Any CPU.Build.0 = Debug|Any CPU
		{212CA015-06E9-4805-9EE0-718D58D0B149}.Release|Any CPU.ActiveCfg = Release|Any CPU
		{212CA015-06E9-4805-9EE0-718D58D0B149}.Release|Any CPU.Build.0 = Release|Any CPU
		{98578C42-50A3-4104-9B61-84CB8B15D3D9}.Debug|Any CPU.ActiveCfg = Debug|Any CPU
		{98578C42-50A3-4104-9B61-84CB8B15D3D9}.Debug|Any CPU.Build.0 = Debug|Any CPU
		{98578C42-50A3-4104-9B61-84CB8B15D3D9}.Release|Any CPU.ActiveCfg = Release|Any CPU
		{98578C42-50A3-4104-9B61-84CB8B15D3D9}.Release|Any CPU.Build.0 = Release|Any CPU
		{E1484CED-425E-4D29-8D95-7F0A444FCAC4}.Debug|Any CPU.ActiveCfg = Debug|Any CPU
		{E1484CED-425E-4D29-8D95-7F0A444FCAC4}.Debug|Any CPU.Build.0 = Debug|Any CPU
		{E1484CED-425E-4D29-8D95-7F0A444FCAC4}.Release|Any CPU.ActiveCfg = Release|Any CPU
		{E1484CED-425E-4D29-8D95-7F0A444FCAC4}.Release|Any CPU.Build.0 = Release|Any CPU
		{8222D12C-670F-46E9-BE5B-85CA1111C6B6}.Debug|Any CPU.ActiveCfg = Debug|Any CPU
		{8222D12C-670F-46E9-BE5B-85CA1111C6B6}.Debug|Any CPU.Build.0 = Debug|Any CPU
		{8222D12C-670F-46E9-BE5B-85CA1111C6B6}.Release|Any CPU.ActiveCfg = Release|Any CPU
		{8222D12C-670F-46E9-BE5B-85CA1111C6B6}.Release|Any CPU.Build.0 = Release|Any CPU
		{15C66513-0CEE-45CA-9B7B-4B5A109558FB}.Debug|Any CPU.ActiveCfg = Debug|Any CPU
		{15C66513-0CEE-45CA-9B7B-4B5A109558FB}.Debug|Any CPU.Build.0 = Debug|Any CPU
		{15C66513-0CEE-45CA-9B7B-4B5A109558FB}.Release|Any CPU.ActiveCfg = Release|Any CPU
		{15C66513-0CEE-45CA-9B7B-4B5A109558FB}.Release|Any CPU.Build.0 = Release|Any CPU
		{72EA830C-3E7D-4B29-9EC0-97F39501B755}.Debug|Any CPU.ActiveCfg = Debug|Any CPU
		{72EA830C-3E7D-4B29-9EC0-97F39501B755}.Debug|Any CPU.Build.0 = Debug|Any CPU
		{72EA830C-3E7D-4B29-9EC0-97F39501B755}.Release|Any CPU.ActiveCfg = Release|Any CPU
		{72EA830C-3E7D-4B29-9EC0-97F39501B755}.Release|Any CPU.Build.0 = Release|Any CPU
		{32610F41-1CDC-46F5-9D2E-213B1DEDF848}.Debug|Any CPU.ActiveCfg = Debug|Any CPU
		{32610F41-1CDC-46F5-9D2E-213B1DEDF848}.Debug|Any CPU.Build.0 = Debug|Any CPU
		{32610F41-1CDC-46F5-9D2E-213B1DEDF848}.Release|Any CPU.ActiveCfg = Release|Any CPU
		{32610F41-1CDC-46F5-9D2E-213B1DEDF848}.Release|Any CPU.Build.0 = Release|Any CPU
		{338C0C62-0659-48FF-AFCF-A37453D16F00}.Debug|Any CPU.ActiveCfg = Debug|Any CPU
		{338C0C62-0659-48FF-AFCF-A37453D16F00}.Debug|Any CPU.Build.0 = Debug|Any CPU
		{338C0C62-0659-48FF-AFCF-A37453D16F00}.Release|Any CPU.ActiveCfg = Release|Any CPU
		{338C0C62-0659-48FF-AFCF-A37453D16F00}.Release|Any CPU.Build.0 = Release|Any CPU
		{6B2AAB23-D711-47BE-BDF7-D915517EFAA8}.Debug|Any CPU.ActiveCfg = Debug|Any CPU
		{6B2AAB23-D711-47BE-BDF7-D915517EFAA8}.Debug|Any CPU.Build.0 = Debug|Any CPU
		{6B2AAB23-D711-47BE-BDF7-D915517EFAA8}.Release|Any CPU.ActiveCfg = Release|Any CPU
		{6B2AAB23-D711-47BE-BDF7-D915517EFAA8}.Release|Any CPU.Build.0 = Release|Any CPU
		{DC78C189-0D2E-4E34-9848-A827E86F1E4F}.Debug|Any CPU.ActiveCfg = Debug|Any CPU
		{DC78C189-0D2E-4E34-9848-A827E86F1E4F}.Debug|Any CPU.Build.0 = Debug|Any CPU
		{DC78C189-0D2E-4E34-9848-A827E86F1E4F}.Release|Any CPU.ActiveCfg = Release|Any CPU
		{DC78C189-0D2E-4E34-9848-A827E86F1E4F}.Release|Any CPU.Build.0 = Release|Any CPU
		{18BD87EB-D9F7-43D5-9B75-0A191E7EFF6A}.Debug|Any CPU.ActiveCfg = Debug|Any CPU
		{18BD87EB-D9F7-43D5-9B75-0A191E7EFF6A}.Debug|Any CPU.Build.0 = Debug|Any CPU
		{18BD87EB-D9F7-43D5-9B75-0A191E7EFF6A}.Release|Any CPU.ActiveCfg = Release|Any CPU
		{18BD87EB-D9F7-43D5-9B75-0A191E7EFF6A}.Release|Any CPU.Build.0 = Release|Any CPU
		{975F55DA-502A-4A5F-96D1-EBC88FD77509}.Debug|Any CPU.ActiveCfg = Debug|Any CPU
		{975F55DA-502A-4A5F-96D1-EBC88FD77509}.Debug|Any CPU.Build.0 = Debug|Any CPU
		{975F55DA-502A-4A5F-96D1-EBC88FD77509}.Release|Any CPU.ActiveCfg = Release|Any CPU
		{975F55DA-502A-4A5F-96D1-EBC88FD77509}.Release|Any CPU.Build.0 = Release|Any CPU
		{34EF76F4-75FE-4E1D-BFD8-0E144CB00A12}.Debug|Any CPU.ActiveCfg = Debug|Any CPU
		{34EF76F4-75FE-4E1D-BFD8-0E144CB00A12}.Debug|Any CPU.Build.0 = Debug|Any CPU
		{34EF76F4-75FE-4E1D-BFD8-0E144CB00A12}.Release|Any CPU.ActiveCfg = Release|Any CPU
		{34EF76F4-75FE-4E1D-BFD8-0E144CB00A12}.Release|Any CPU.Build.0 = Release|Any CPU
		{92BDAD94-A610-4AA1-A238-07AC82016087}.Debug|Any CPU.ActiveCfg = Debug|Any CPU
		{92BDAD94-A610-4AA1-A238-07AC82016087}.Debug|Any CPU.Build.0 = Debug|Any CPU
		{92BDAD94-A610-4AA1-A238-07AC82016087}.Release|Any CPU.ActiveCfg = Release|Any CPU
		{92BDAD94-A610-4AA1-A238-07AC82016087}.Release|Any CPU.Build.0 = Release|Any CPU
		{309AF5D7-1698-4822-A731-8AF86DEF2EC6}.Debug|Any CPU.ActiveCfg = Debug|Any CPU
		{309AF5D7-1698-4822-A731-8AF86DEF2EC6}.Debug|Any CPU.Build.0 = Debug|Any CPU
		{309AF5D7-1698-4822-A731-8AF86DEF2EC6}.Release|Any CPU.ActiveCfg = Release|Any CPU
		{309AF5D7-1698-4822-A731-8AF86DEF2EC6}.Release|Any CPU.Build.0 = Release|Any CPU
		{D8C25682-3355-4DBD-8621-B9C985EDB7A9}.Debug|Any CPU.ActiveCfg = Debug|Any CPU
		{D8C25682-3355-4DBD-8621-B9C985EDB7A9}.Debug|Any CPU.Build.0 = Debug|Any CPU
		{D8C25682-3355-4DBD-8621-B9C985EDB7A9}.Release|Any CPU.ActiveCfg = Release|Any CPU
		{D8C25682-3355-4DBD-8621-B9C985EDB7A9}.Release|Any CPU.Build.0 = Release|Any CPU
		{93B2EEAD-3573-4D4E-AAED-83063E31101B}.Debug|Any CPU.ActiveCfg = Debug|Any CPU
		{93B2EEAD-3573-4D4E-AAED-83063E31101B}.Debug|Any CPU.Build.0 = Debug|Any CPU
		{93B2EEAD-3573-4D4E-AAED-83063E31101B}.Release|Any CPU.ActiveCfg = Release|Any CPU
		{93B2EEAD-3573-4D4E-AAED-83063E31101B}.Release|Any CPU.Build.0 = Release|Any CPU
		{DDF1E0C9-E7B0-4B7D-B87D-AB691501BCD2}.Debug|Any CPU.ActiveCfg = Debug|Any CPU
		{DDF1E0C9-E7B0-4B7D-B87D-AB691501BCD2}.Debug|Any CPU.Build.0 = Debug|Any CPU
		{DDF1E0C9-E7B0-4B7D-B87D-AB691501BCD2}.Release|Any CPU.ActiveCfg = Release|Any CPU
		{DDF1E0C9-E7B0-4B7D-B87D-AB691501BCD2}.Release|Any CPU.Build.0 = Release|Any CPU
		{990295A2-9109-4CA7-971B-8A5229624166}.Debug|Any CPU.ActiveCfg = Debug|Any CPU
		{990295A2-9109-4CA7-971B-8A5229624166}.Debug|Any CPU.Build.0 = Debug|Any CPU
		{990295A2-9109-4CA7-971B-8A5229624166}.Release|Any CPU.ActiveCfg = Release|Any CPU
		{990295A2-9109-4CA7-971B-8A5229624166}.Release|Any CPU.Build.0 = Release|Any CPU
		{BEF46777-D6F6-4A26-BDE6-AE3662806BCC}.Debug|Any CPU.ActiveCfg = Debug|Any CPU
		{BEF46777-D6F6-4A26-BDE6-AE3662806BCC}.Debug|Any CPU.Build.0 = Debug|Any CPU
		{BEF46777-D6F6-4A26-BDE6-AE3662806BCC}.Release|Any CPU.ActiveCfg = Release|Any CPU
		{BEF46777-D6F6-4A26-BDE6-AE3662806BCC}.Release|Any CPU.Build.0 = Release|Any CPU
		{97290C12-442A-47B6-B067-9CDF91D4A677}.Debug|Any CPU.ActiveCfg = Debug|Any CPU
		{97290C12-442A-47B6-B067-9CDF91D4A677}.Debug|Any CPU.Build.0 = Debug|Any CPU
		{97290C12-442A-47B6-B067-9CDF91D4A677}.Release|Any CPU.ActiveCfg = Release|Any CPU
		{97290C12-442A-47B6-B067-9CDF91D4A677}.Release|Any CPU.Build.0 = Release|Any CPU
	EndGlobalSection
	GlobalSection(SolutionProperties) = preSolution
		HideSolutionNode = FALSE
	EndGlobalSection
	GlobalSection(ExtensibilityGlobals) = postSolution
		SolutionGuid = {A4E9F540-803B-44B9-868B-86E6046381B5}
	EndGlobalSection
EndGlobal
