
Microsoft Visual Studio Solution File, Format Version 12.00
# Visual Studio Version 16
VisualStudioVersion = 16.0.31911.196
MinimumVisualStudioVersion = 10.0.40219.1
Project("{FAE04EC0-301F-11D3-BF4B-00C04F79EFBC}") = "AdvanceLinq", "AdvanceLinq\AdvanceLinq.csproj", "{D394330D-40CC-43F4-BAC3-ABD3876AAA07}"
EndProject
Global
	GlobalSection(SolutionConfigurationPlatforms) = preSolution
		Debug|Any CPU = Debug|Any CPU
		Release|Any CPU = Release|Any CPU
	EndGlobalSection
	GlobalSection(ProjectConfigurationPlatforms) = postSolution
		{D394330D-40CC-43F4-BAC3-ABD3876AAA07}.Debug|Any CPU.ActiveCfg = Debug|Any CPU
		{D394330D-40CC-43F4-BAC3-ABD3876AAA07}.Debug|Any CPU.Build.0 = Debug|Any CPU
		{D394330D-40CC-43F4-BAC3-ABD3876AAA07}.Release|Any CPU.ActiveCfg = Release|Any CPU
		{D394330D-40CC-43F4-BAC3-ABD3876AAA07}.Release|Any CPU.Build.0 = Release|Any CPU
	EndGlobalSection
	GlobalSection(SolutionProperties) = preSolution
		HideSolutionNode = FALSE
	EndGlobalSection
	GlobalSection(ExtensibilityGlobals) = postSolution
		SolutionGuid = {00F38017-9564-43D5-9817-9033C4120874}
	EndGlobalSection
EndGlobal
