
Microsoft Visual Studio Solution File, Format Version 12.00
# Visual Studio Version 16
VisualStudioVersion = 16.0.31515.178
MinimumVisualStudioVersion = 10.0.40219.1
Project("{FAE04EC0-301F-11D3-BF4B-00C04F79EFBC}") = "TaskOne", "TaskOne\TaskOne.csproj", "{00CB8764-680F-4510-AD73-98FA7839B525}"
EndProject
Project("{FAE04EC0-301F-11D3-BF4B-00C04F79EFBC}") = "TaskTwo", "TaskTwo\TaskTwo.csproj", "{68E5216C-7BFC-4748-9E4F-034374D5956D}"
EndProject
Project("{FAE04EC0-301F-11D3-BF4B-00C04F79EFBC}") = "TaskFive", "TaskFive\TaskFive.csproj", "{39CFAFCE-C06F-43B7-A359-BA1A2915998A}"
EndProject
Global
	GlobalSection(SolutionConfigurationPlatforms) = preSolution
		Debug|Any CPU = Debug|Any CPU
		Release|Any CPU = Release|Any CPU
	EndGlobalSection
	GlobalSection(ProjectConfigurationPlatforms) = postSolution
		{00CB8764-680F-4510-AD73-98FA7839B525}.Debug|Any CPU.ActiveCfg = Debug|Any CPU
		{00CB8764-680F-4510-AD73-98FA7839B525}.Debug|Any CPU.Build.0 = Debug|Any CPU
		{00CB8764-680F-4510-AD73-98FA7839B525}.Release|Any CPU.ActiveCfg = Release|Any CPU
		{00CB8764-680F-4510-AD73-98FA7839B525}.Release|Any CPU.Build.0 = Release|Any CPU
		{68E5216C-7BFC-4748-9E4F-034374D5956D}.Debug|Any CPU.ActiveCfg = Debug|Any CPU
		{68E5216C-7BFC-4748-9E4F-034374D5956D}.Debug|Any CPU.Build.0 = Debug|Any CPU
		{68E5216C-7BFC-4748-9E4F-034374D5956D}.Release|Any CPU.ActiveCfg = Release|Any CPU
		{68E5216C-7BFC-4748-9E4F-034374D5956D}.Release|Any CPU.Build.0 = Release|Any CPU
		{39CFAFCE-C06F-43B7-A359-BA1A2915998A}.Debug|Any CPU.ActiveCfg = Debug|Any CPU
		{39CFAFCE-C06F-43B7-A359-BA1A2915998A}.Debug|Any CPU.Build.0 = Debug|Any CPU
		{39CFAFCE-C06F-43B7-A359-BA1A2915998A}.Release|Any CPU.ActiveCfg = Release|Any CPU
		{39CFAFCE-C06F-43B7-A359-BA1A2915998A}.Release|Any CPU.Build.0 = Release|Any CPU
	EndGlobalSection
	GlobalSection(SolutionProperties) = preSolution
		HideSolutionNode = FALSE
	EndGlobalSection
	GlobalSection(ExtensibilityGlobals) = postSolution
		SolutionGuid = {995FC952-60EE-4E54-AB04-BDB23CB065C5}
	EndGlobalSection
EndGlobal
