
Microsoft Visual Studio Solution File, Format Version 12.00
# Visual Studio Version 16
VisualStudioVersion = 16.0.31911.196
MinimumVisualStudioVersion = 10.0.40219.1
Project("{FAE04EC0-301F-11D3-BF4B-00C04F79EFBC}") = "Assignment1", "Assignment1\Assignment1.csproj", "{6EA85A1A-CCB5-4C81-8918-170D3F03668A}"
EndProject
Global
	GlobalSection(SolutionConfigurationPlatforms) = preSolution
		Debug|Any CPU = Debug|Any CPU
		Release|Any CPU = Release|Any CPU
	EndGlobalSection
	GlobalSection(ProjectConfigurationPlatforms) = postSolution
		{6EA85A1A-CCB5-4C81-8918-170D3F03668A}.Debug|Any CPU.ActiveCfg = Debug|Any CPU
		{6EA85A1A-CCB5-4C81-8918-170D3F03668A}.Debug|Any CPU.Build.0 = Debug|Any CPU
		{6EA85A1A-CCB5-4C81-8918-170D3F03668A}.Release|Any CPU.ActiveCfg = Release|Any CPU
		{6EA85A1A-CCB5-4C81-8918-170D3F03668A}.Release|Any CPU.Build.0 = Release|Any CPU
	EndGlobalSection
	GlobalSection(SolutionProperties) = preSolution
		HideSolutionNode = FALSE
	EndGlobalSection
	GlobalSection(ExtensibilityGlobals) = postSolution
		SolutionGuid = {02D79935-445D-489E-A145-7A39E35F440A}
	EndGlobalSection
EndGlobal
